
Microsoft Visual Studio Solution File, Format Version 12.00
# Visual Studio Version 16
VisualStudioVersion = 16.0.29920.165
MinimumVisualStudioVersion = 10.0.40219.1
Project("{FAE04EC0-301F-11D3-BF4B-00C04F79EFBC}") = "QuanLySieuThiMayTinh", "QuanLySieuThiMayTinh\QuanLySieuThiMayTinh.csproj", "{6088C4AA-12B4-4E9C-9A83-B2616EDEE194}"
EndProject
Global
	GlobalSection(SolutionConfigurationPlatforms) = preSolution
		Debug|Any CPU = Debug|Any CPU
		Release|Any CPU = Release|Any CPU
	EndGlobalSection
	GlobalSection(ProjectConfigurationPlatforms) = postSolution
		{6088C4AA-12B4-4E9C-9A83-B2616EDEE194}.Debug|Any CPU.ActiveCfg = Debug|Any CPU
		{6088C4AA-12B4-4E9C-9A83-B2616EDEE194}.Debug|Any CPU.Build.0 = Debug|Any CPU
		{6088C4AA-12B4-4E9C-9A83-B2616EDEE194}.Release|Any CPU.ActiveCfg = Release|Any CPU
		{6088C4AA-12B4-4E9C-9A83-B2616EDEE194}.Release|Any CPU.Build.0 = Release|Any CPU
	EndGlobalSection
	GlobalSection(SolutionProperties) = preSolution
		HideSolutionNode = FALSE
	EndGlobalSection
	GlobalSection(ExtensibilityGlobals) = postSolution
		SolutionGuid = {D001A031-5300-4CBD-9AA3-63A53B5DC076}
	EndGlobalSection
EndGlobal
